
Microsoft Visual Studio Solution File, Format Version 12.00
# Visual Studio 15
VisualStudioVersion = 15.0.28307.168
MinimumVisualStudioVersion = 10.0.40219.1
Project("{FAE04EC0-301F-11D3-BF4B-00C04F79EFBC}") = "Lind.DI.Console", "Lind.DI.Console\Lind.DI.Console.csproj", "{2D3C639B-A736-41CC-8200-B7FC0A17576E}"
EndProject
Project("{FAE04EC0-301F-11D3-BF4B-00C04F79EFBC}") = "Lind.DI", "Lind.DI\Lind.DI.csproj", "{5086E946-154E-489C-9C45-39792981A8E9}"
EndProject
Global
	GlobalSection(SolutionConfigurationPlatforms) = preSolution
		Debug|Any CPU = Debug|Any CPU
		Release|Any CPU = Release|Any CPU
	EndGlobalSection
	GlobalSection(ProjectConfigurationPlatforms) = postSolution
		{2D3C639B-A736-41CC-8200-B7FC0A17576E}.Debug|Any CPU.ActiveCfg = Debug|Any CPU
		{2D3C639B-A736-41CC-8200-B7FC0A17576E}.Debug|Any CPU.Build.0 = Debug|Any CPU
		{2D3C639B-A736-41CC-8200-B7FC0A17576E}.Release|Any CPU.ActiveCfg = Release|Any CPU
		{2D3C639B-A736-41CC-8200-B7FC0A17576E}.Release|Any CPU.Build.0 = Release|Any CPU
		{5086E946-154E-489C-9C45-39792981A8E9}.Debug|Any CPU.ActiveCfg = Debug|Any CPU
		{5086E946-154E-489C-9C45-39792981A8E9}.Debug|Any CPU.Build.0 = Debug|Any CPU
		{5086E946-154E-489C-9C45-39792981A8E9}.Release|Any CPU.ActiveCfg = Release|Any CPU
		{5086E946-154E-489C-9C45-39792981A8E9}.Release|Any CPU.Build.0 = Release|Any CPU
	EndGlobalSection
	GlobalSection(SolutionProperties) = preSolution
		HideSolutionNode = FALSE
	EndGlobalSection
	GlobalSection(ExtensibilityGlobals) = postSolution
		SolutionGuid = {89CA5638-9E06-4381-8B18-471CE6C478A4}
	EndGlobalSection
EndGlobal
